# This file was autogenerated by uv via the following command:
#    uv pip compile pyproject.toml -o uv.lock
aiohappyeyeballs==2.6.1
    # via aiohttp
aiohttp==3.11.10
    # via data-api (pyproject.toml)
aiosignal==1.3.2
    # via aiohttp
amqp==5.3.1
    # via kombu
annotated-types==0.7.0
    # via
    #   data-api (pyproject.toml)
    #   pydantic
anyio==4.7.0
    # via
    #   data-api (pyproject.toml)
    #   httpx
    #   openai
    #   starlette
async-timeout==5.0.1
    # via data-api (pyproject.toml)
asyncpg==0.30.0
    # via data-api (pyproject.toml)
attrs==25.3.0
    # via
    #   aiohttp
    #   fiona
    #   jsonschema
    #   referencing
billiard==4.2.1
    # via celery
celery==5.5.2
    # via
    #   data-api (pyproject.toml)
    #   flower
certifi==2025.4.26
    # via
    #   elastic-transport
    #   fiona
    #   httpcore
    #   httpx
    #   pyproj
    #   requests
charset-normalizer==3.4.2
    # via requests
click==8.1.7
    # via
    #   data-api (pyproject.toml)
    #   celery
    #   click-didyoumean
    #   click-plugins
    #   click-repl
    #   cligj
    #   fiona
    #   uvicorn
click-didyoumean==0.3.1
    # via celery
click-plugins==1.1.1
    # via
    #   celery
    #   fiona
click-repl==0.3.0
    # via celery
cligj==0.7.2
    # via fiona
databases==0.9.0
    # via data-api (pyproject.toml)
distro==1.9.0
    # via openai
docker==7.1.0
    # via data-api (pyproject.toml)
elastic-transport==8.17.1
    # via elasticsearch
elasticsearch==9.0.1
    # via data-api (pyproject.toml)
exceptiongroup==1.2.2
    # via data-api (pyproject.toml)
fastapi==0.115.6
    # via data-api (pyproject.toml)
fiona==1.9.5
    # via
    #   data-api (pyproject.toml)
    #   geopandas
flower==2.0.1
    # via data-api (pyproject.toml)
frozenlist==1.6.0
    # via
    #   aiohttp
    #   aiosignal
geopandas==0.14.3
    # via data-api (pyproject.toml)
greenlet==3.1.1
    # via data-api (pyproject.toml)
h11==0.14.0
    # via
    #   data-api (pyproject.toml)
    #   httpcore
    #   uvicorn
httpcore==1.0.8
    # via httpx
httpx==0.28.1
    # via openai
humanize==4.12.3
    # via flower
idna==3.10
    # via
    #   data-api (pyproject.toml)
    #   anyio
    #   httpx
    #   requests
    #   yarl
jsonschema==4.23.0
    # via data-api (pyproject.toml)
jsonschema-specifications==2025.4.1
    # via jsonschema
kombu==5.5.3
    # via celery
mccabe==0.7.0
    # via data-api (pyproject.toml)
multidict==6.4.3
    # via
    #   aiohttp
    #   yarl
mypy-extensions==1.0.0
    # via data-api (pyproject.toml)
numpy==2.2.5
    # via
    #   pandas
    #   shapely
openai==1.12.0
    # via data-api (pyproject.toml)
packaging==24.2
    # via
    #   data-api (pyproject.toml)
    #   geopandas
    #   pytesseract
pandas==2.2.3
    # via geopandas
pathspec==0.12.1
    # via data-api (pyproject.toml)
pillow==11.2.1
    # via
    #   data-api (pyproject.toml)
    #   pytesseract
platformdirs==4.3.6
    # via data-api (pyproject.toml)
prometheus-client==0.21.1
    # via flower
prompt-toolkit==3.0.51
    # via click-repl
propcache==0.3.1
    # via
    #   aiohttp
    #   yarl
psycopg2-binary==2.9.10
    # via data-api (pyproject.toml)
pydantic==2.10.3
    # via
    #   data-api (pyproject.toml)
    #   fastapi
    #   openai
pydantic-core==2.27.1
    # via
    #   data-api (pyproject.toml)
    #   pydantic
pyproj==3.7.1
    # via geopandas
pytesseract==0.3.10
    # via data-api (pyproject.toml)
python-dateutil==2.9.0.post0
    # via
    #   celery
    #   elasticsearch
    #   pandas
python-dotenv==1.1.0
    # via data-api (pyproject.toml)
pytz==2025.2
    # via
    #   flower
    #   pandas
redis==5.0.0
    # via data-api (pyproject.toml)
referencing==0.36.2
    # via
    #   jsonschema
    #   jsonschema-specifications
requests==2.31.0
    # via
    #   data-api (pyproject.toml)
    #   docker
rpds-py==0.24.0
    # via
    #   jsonschema
    #   referencing
setuptools==80.4.0
    # via fiona
shapely==2.1.0
    # via geopandas
six==1.17.0
    # via
    #   fiona
    #   python-dateutil
sniffio==1.3.1
    # via
    #   data-api (pyproject.toml)
    #   anyio
    #   openai
sqlalchemy==2.0.36
    # via
    #   data-api (pyproject.toml)
    #   databases
starlette==0.41.3
    # via
    #   data-api (pyproject.toml)
    #   fastapi
tomli==2.2.1
    # via data-api (pyproject.toml)
tornado==6.4.2
    # via flower
tqdm==4.67.1
    # via openai
typing-extensions==4.12.2
    # via
    #   data-api (pyproject.toml)
    #   elasticsearch
    #   fastapi
    #   openai
    #   pydantic
    #   pydantic-core
    #   sqlalchemy
tzdata==2025.2
    # via
    #   kombu
    #   pandas
urllib3==2.2.3
    # via
    #   data-api (pyproject.toml)
    #   docker
    #   elastic-transport
    #   requests
uvicorn==0.32.1
    # via data-api (pyproject.toml)
vine==5.1.0
    # via
    #   amqp
    #   celery
    #   kombu
wcwidth==0.2.13
    # via prompt-toolkit
yarl==1.20.0
    # via aiohttp
